
Microsoft Visual Studio Solution File, Format Version 12.00
# Visual Studio Version 17
VisualStudioVersion = 17.11.35219.272
MinimumVisualStudioVersion = 10.0.40219.1
Project("{FAE04EC0-301F-11D3-BF4B-00C04F79EFBC}") = "uppgift kapitel 4", "uppgift kapitel 4.csproj", "{14365EC9-0E91-41CB-BA05-D1DE05244B2D}"
EndProject
Global
	GlobalSection(SolutionConfigurationPlatforms) = preSolution
		Debug|Any CPU = Debug|Any CPU
		Release|Any CPU = Release|Any CPU
	EndGlobalSection
	GlobalSection(ProjectConfigurationPlatforms) = postSolution
		{14365EC9-0E91-41CB-BA05-D1DE05244B2D}.Debug|Any CPU.ActiveCfg = Debug|Any CPU
		{14365EC9-0E91-41CB-BA05-D1DE05244B2D}.Debug|Any CPU.Build.0 = Debug|Any CPU
		{14365EC9-0E91-41CB-BA05-D1DE05244B2D}.Release|Any CPU.ActiveCfg = Release|Any CPU
		{14365EC9-0E91-41CB-BA05-D1DE05244B2D}.Release|Any CPU.Build.0 = Release|Any CPU
	EndGlobalSection
	GlobalSection(SolutionProperties) = preSolution
		HideSolutionNode = FALSE
	EndGlobalSection
	GlobalSection(ExtensibilityGlobals) = postSolution
		SolutionGuid = {484AC073-F7D2-467B-AC30-9065A8D2CFFF}
	EndGlobalSection
EndGlobal
