
Microsoft Visual Studio Solution File, Format Version 12.00
# Visual Studio Version 17
VisualStudioVersion = 17.11.35219.272
MinimumVisualStudioVersion = 10.0.40219.1
Project("{FAE04EC0-301F-11D3-BF4B-00C04F79EFBC}") = "Uppgift 1.1", "Uppgift 1.1.csproj", "{3DCE91C4-68CB-4A75-9BA7-BFE1969F290C}"
EndProject
Global
	GlobalSection(SolutionConfigurationPlatforms) = preSolution
		Debug|Any CPU = Debug|Any CPU
		Release|Any CPU = Release|Any CPU
	EndGlobalSection
	GlobalSection(ProjectConfigurationPlatforms) = postSolution
		{3DCE91C4-68CB-4A75-9BA7-BFE1969F290C}.Debug|Any CPU.ActiveCfg = Debug|Any CPU
		{3DCE91C4-68CB-4A75-9BA7-BFE1969F290C}.Debug|Any CPU.Build.0 = Debug|Any CPU
		{3DCE91C4-68CB-4A75-9BA7-BFE1969F290C}.Release|Any CPU.ActiveCfg = Release|Any CPU
		{3DCE91C4-68CB-4A75-9BA7-BFE1969F290C}.Release|Any CPU.Build.0 = Release|Any CPU
	EndGlobalSection
	GlobalSection(SolutionProperties) = preSolution
		HideSolutionNode = FALSE
	EndGlobalSection
	GlobalSection(ExtensibilityGlobals) = postSolution
		SolutionGuid = {C028BBE9-EC4B-4290-97FD-1E70E858A81C}
	EndGlobalSection
EndGlobal
